
Microsoft Visual Studio Solution File, Format Version 12.00
# Visual Studio Version 17
VisualStudioVersion = 17.14.36401.2 d17.14
MinimumVisualStudioVersion = 10.0.40219.1
Project("{FAE04EC0-301F-11D3-BF4B-00C04F79EFBC}") = "GameOfLife", "GameOfLife.csproj", "{77F7DD6A-4B13-41EF-B404-4C07CA9459B8}"
EndProject
Global
	GlobalSection(SolutionConfigurationPlatforms) = preSolution
		Debug|Any CPU = Debug|Any CPU
		Release|Any CPU = Release|Any CPU
	EndGlobalSection
	GlobalSection(ProjectConfigurationPlatforms) = postSolution
		{77F7DD6A-4B13-41EF-B404-4C07CA9459B8}.Debug|Any CPU.ActiveCfg = Debug|Any CPU
		{77F7DD6A-4B13-41EF-B404-4C07CA9459B8}.Debug|Any CPU.Build.0 = Debug|Any CPU
		{77F7DD6A-4B13-41EF-B404-4C07CA9459B8}.Release|Any CPU.ActiveCfg = Release|Any CPU
		{77F7DD6A-4B13-41EF-B404-4C07CA9459B8}.Release|Any CPU.Build.0 = Release|Any CPU
	EndGlobalSection
	GlobalSection(SolutionProperties) = preSolution
		HideSolutionNode = FALSE
	EndGlobalSection
	GlobalSection(ExtensibilityGlobals) = postSolution
		SolutionGuid = {4B3BC704-4C38-4B13-AD87-922D17BF8341}
	EndGlobalSection
EndGlobal
